# This file is automatically @generated by Cargo.
# It is not intended for manual editing.
version = 4

[[package]]
name = "tessera-cli"
version = "0.0.0"

[[package]]
name = "tessera-core"
version = "0.0.0"

[[package]]
name = "tessera-protocol"
version = "0.0.0"

[[package]]
name = "tessera-wasm"
version = "0.0.0"
